
Microsoft Visual Studio Solution File, Format Version 12.00
# Visual Studio 2012
Project("{FAE04EC0-301F-11D3-BF4B-00C04F79EFBC}") = "Dashboard", "Dashboard\Dashboard.csproj", "{CF4FB9E9-9BDE-44FE-AD30-EBAE89DD2A11}"
EndProject
Project("{FAE04EC0-301F-11D3-BF4B-00C04F79EFBC}") = "EDS.Intranet.ServerControls", "EDS.Intranet.ServerControls\EDS.Intranet.ServerControls.csproj", "{F29CF749-2A85-44C8-AAB7-DF6EEB7C4FEA}"
EndProject
Global
	GlobalSection(SolutionConfigurationPlatforms) = preSolution
		Debug|Any CPU = Debug|Any CPU
		Release|Any CPU = Release|Any CPU
	EndGlobalSection
	GlobalSection(ProjectConfigurationPlatforms) = postSolution
		{CF4FB9E9-9BDE-44FE-AD30-EBAE89DD2A11}.Debug|Any CPU.ActiveCfg = Debug|Any CPU
		{CF4FB9E9-9BDE-44FE-AD30-EBAE89DD2A11}.Debug|Any CPU.Build.0 = Debug|Any CPU
		{CF4FB9E9-9BDE-44FE-AD30-EBAE89DD2A11}.Release|Any CPU.ActiveCfg = Release|Any CPU
		{CF4FB9E9-9BDE-44FE-AD30-EBAE89DD2A11}.Release|Any CPU.Build.0 = Release|Any CPU
		{F29CF749-2A85-44C8-AAB7-DF6EEB7C4FEA}.Debug|Any CPU.ActiveCfg = Debug|Any CPU
		{F29CF749-2A85-44C8-AAB7-DF6EEB7C4FEA}.Debug|Any CPU.Build.0 = Debug|Any CPU
		{F29CF749-2A85-44C8-AAB7-DF6EEB7C4FEA}.Release|Any CPU.ActiveCfg = Release|Any CPU
		{F29CF749-2A85-44C8-AAB7-DF6EEB7C4FEA}.Release|Any CPU.Build.0 = Release|Any CPU
	EndGlobalSection
	GlobalSection(SolutionProperties) = preSolution
		HideSolutionNode = FALSE
	EndGlobalSection
EndGlobal
